{
  "name": "shiny-server",
  "version": "1.5.7",
  "dependencies": {
    "@sinonjs/formatio": {
      "version": "2.0.0",
      "from": "@sinonjs/formatio@>=2.0.0 <3.0.0",
      "resolved": "https://registry.npmjs.org/@sinonjs/formatio/-/formatio-2.0.0.tgz"
    },
    "accepts": {
      "version": "1.3.4",
      "from": "accepts@>=1.3.4 <1.4.0",
      "resolved": "https://registry.npmjs.org/accepts/-/accepts-1.3.4.tgz"
    },
    "align-text": {
      "version": "0.1.4",
      "from": "align-text@>=0.1.3 <0.2.0",
      "resolved": "https://registry.npmjs.org/align-text/-/align-text-0.1.4.tgz"
    },
    "amdefine": {
      "version": "1.0.1",
      "from": "amdefine@>=0.0.4",
      "resolved": "https://registry.npmjs.org/amdefine/-/amdefine-1.0.1.tgz"
    },
    "ansi-regex": {
      "version": "2.1.1",
      "from": "ansi-regex@>=2.0.0 <3.0.0",
      "resolved": "https://registry.npmjs.org/ansi-regex/-/ansi-regex-2.1.1.tgz"
    },
    "ansi-styles": {
      "version": "2.2.1",
      "from": "ansi-styles@>=2.2.1 <3.0.0",
      "resolved": "https://registry.npmjs.org/ansi-styles/-/ansi-styles-2.2.1.tgz"
    },
    "array-flatten": {
      "version": "1.1.1",
      "from": "array-flatten@1.1.1",
      "resolved": "https://registry.npmjs.org/array-flatten/-/array-flatten-1.1.1.tgz"
    },
    "async": {
      "version": "1.5.2",
      "from": "async@>=1.4.0 <2.0.0",
      "resolved": "https://registry.npmjs.org/async/-/async-1.5.2.tgz"
    },
    "babel-code-frame": {
      "version": "6.26.0",
      "from": "babel-code-frame@>=6.26.0 <7.0.0",
      "resolved": "https://registry.npmjs.org/babel-code-frame/-/babel-code-frame-6.26.0.tgz"
    },
    "babel-core": {
      "version": "6.26.0",
      "from": "babel-core@>=6.26.0 <7.0.0",
      "resolved": "https://registry.npmjs.org/babel-core/-/babel-core-6.26.0.tgz",
      "dependencies": {
        "source-map": {
          "version": "0.5.7",
          "from": "source-map@>=0.5.6 <0.6.0",
          "resolved": "https://registry.npmjs.org/source-map/-/source-map-0.5.7.tgz"
        }
      }
    },
    "babel-generator": {
      "version": "6.26.1",
      "from": "babel-generator@>=6.26.0 <7.0.0",
      "resolved": "https://registry.npmjs.org/babel-generator/-/babel-generator-6.26.1.tgz",
      "dependencies": {
        "source-map": {
          "version": "0.5.7",
          "from": "source-map@>=0.5.7 <0.6.0",
          "resolved": "https://registry.npmjs.org/source-map/-/source-map-0.5.7.tgz"
        }
      }
    },
    "babel-helpers": {
      "version": "6.24.1",
      "from": "babel-helpers@>=6.24.1 <7.0.0",
      "resolved": "https://registry.npmjs.org/babel-helpers/-/babel-helpers-6.24.1.tgz"
    },
    "babel-messages": {
      "version": "6.23.0",
      "from": "babel-messages@>=6.23.0 <7.0.0",
      "resolved": "https://registry.npmjs.org/babel-messages/-/babel-messages-6.23.0.tgz"
    },
    "babel-plugin-transform-es2015-block-scoping": {
      "version": "6.26.0",
      "from": "babel-plugin-transform-es2015-block-scoping@>=6.26.0 <7.0.0",
      "resolved": "https://registry.npmjs.org/babel-plugin-transform-es2015-block-scoping/-/babel-plugin-transform-es2015-block-scoping-6.26.0.tgz"
    },
    "babel-register": {
      "version": "6.26.0",
      "from": "babel-register@>=6.26.0 <7.0.0",
      "resolved": "https://registry.npmjs.org/babel-register/-/babel-register-6.26.0.tgz"
    },
    "babel-runtime": {
      "version": "6.26.0",
      "from": "babel-runtime@>=6.26.0 <7.0.0",
      "resolved": "https://registry.npmjs.org/babel-runtime/-/babel-runtime-6.26.0.tgz"
    },
    "babel-template": {
      "version": "6.26.0",
      "from": "babel-template@>=6.26.0 <7.0.0",
      "resolved": "https://registry.npmjs.org/babel-template/-/babel-template-6.26.0.tgz"
    },
    "babel-traverse": {
      "version": "6.26.0",
      "from": "babel-traverse@>=6.26.0 <7.0.0",
      "resolved": "https://registry.npmjs.org/babel-traverse/-/babel-traverse-6.26.0.tgz"
    },
    "babel-types": {
      "version": "6.26.0",
      "from": "babel-types@>=6.26.0 <7.0.0",
      "resolved": "https://registry.npmjs.org/babel-types/-/babel-types-6.26.0.tgz"
    },
    "babylon": {
      "version": "6.18.0",
      "from": "babylon@>=6.18.0 <7.0.0",
      "resolved": "https://registry.npmjs.org/babylon/-/babylon-6.18.0.tgz"
    },
    "balanced-match": {
      "version": "1.0.0",
      "from": "balanced-match@>=1.0.0 <2.0.0",
      "resolved": "https://registry.npmjs.org/balanced-match/-/balanced-match-1.0.0.tgz"
    },
    "bash": {
      "version": "0.0.1",
      "from": "bash@0.0.1",
      "resolved": "https://registry.npmjs.org/bash/-/bash-0.0.1.tgz"
    },
    "basic-auth": {
      "version": "2.0.0",
      "from": "basic-auth@>=2.0.0 <2.1.0",
      "resolved": "https://registry.npmjs.org/basic-auth/-/basic-auth-2.0.0.tgz"
    },
    "body-parser": {
      "version": "1.18.2",
      "from": "body-parser@1.18.2",
      "resolved": "https://registry.npmjs.org/body-parser/-/body-parser-1.18.2.tgz",
      "dependencies": {
        "depd": {
          "version": "1.1.2",
          "from": "depd@~1.1.1",
          "resolved": "https://registry.npmjs.org/depd/-/depd-1.1.2.tgz"
        }
      }
    },
    "brace-expansion": {
      "version": "1.1.11",
      "from": "brace-expansion@>=1.1.7 <2.0.0",
      "resolved": "https://registry.npmjs.org/brace-expansion/-/brace-expansion-1.1.11.tgz"
    },
    "browser-stdout": {
      "version": "1.3.0",
      "from": "browser-stdout@1.3.0",
      "resolved": "https://registry.npmjs.org/browser-stdout/-/browser-stdout-1.3.0.tgz"
    },
    "bytes": {
      "version": "3.0.0",
      "from": "bytes@3.0.0",
      "resolved": "https://registry.npmjs.org/bytes/-/bytes-3.0.0.tgz"
    },
    "camelcase": {
      "version": "1.2.1",
      "from": "camelcase@>=1.0.2 <2.0.0",
      "resolved": "https://registry.npmjs.org/camelcase/-/camelcase-1.2.1.tgz",
      "optional": true
    },
    "center-align": {
      "version": "0.1.3",
      "from": "center-align@>=0.1.1 <0.2.0",
      "resolved": "https://registry.npmjs.org/center-align/-/center-align-0.1.3.tgz",
      "optional": true
    },
    "chalk": {
      "version": "1.1.3",
      "from": "chalk@>=1.1.1 <2.0.0",
      "resolved": "https://registry.npmjs.org/chalk/-/chalk-1.1.3.tgz"
    },
    "circular-json": {
      "version": "0.5.1",
      "from": "circular-json@>=0.5.1 <0.6.0",
      "resolved": "https://registry.npmjs.org/circular-json/-/circular-json-0.5.1.tgz"
    },
    "client-sessions": {
      "version": "0.8.0",
      "from": "client-sessions@*",
      "resolved": "https://registry.npmjs.org/client-sessions/-/client-sessions-0.8.0.tgz"
    },
    "cliui": {
      "version": "2.1.0",
      "from": "cliui@>=2.1.0 <3.0.0",
      "resolved": "https://registry.npmjs.org/cliui/-/cliui-2.1.0.tgz",
      "optional": true,
      "dependencies": {
        "wordwrap": {
          "version": "0.0.2",
          "from": "wordwrap@0.0.2",
          "resolved": "https://registry.npmjs.org/wordwrap/-/wordwrap-0.0.2.tgz",
          "optional": true
        }
      }
    },
    "concat-map": {
      "version": "0.0.1",
      "from": "concat-map@0.0.1",
      "resolved": "https://registry.npmjs.org/concat-map/-/concat-map-0.0.1.tgz"
    },
    "content-disposition": {
      "version": "0.5.2",
      "from": "content-disposition@0.5.2",
      "resolved": "https://registry.npmjs.org/content-disposition/-/content-disposition-0.5.2.tgz"
    },
    "content-type": {
      "version": "1.0.4",
      "from": "content-type@>=1.0.4 <1.1.0",
      "resolved": "https://registry.npmjs.org/content-type/-/content-type-1.0.4.tgz"
    },
    "convert-source-map": {
      "version": "1.5.1",
      "from": "convert-source-map@>=1.5.0 <2.0.0",
      "resolved": "https://registry.npmjs.org/convert-source-map/-/convert-source-map-1.5.1.tgz"
    },
    "cookie": {
      "version": "0.3.1",
      "from": "cookie@0.3.1",
      "resolved": "https://registry.npmjs.org/cookie/-/cookie-0.3.1.tgz"
    },
    "cookie-signature": {
      "version": "1.0.6",
      "from": "cookie-signature@1.0.6",
      "resolved": "https://registry.npmjs.org/cookie-signature/-/cookie-signature-1.0.6.tgz"
    },
    "cookies": {
      "version": "0.7.0",
      "from": "cookies@>=0.7.0 <0.8.0",
      "resolved": "https://registry.npmjs.org/cookies/-/cookies-0.7.0.tgz"
    },
    "core-js": {
      "version": "2.5.3",
      "from": "core-js@>=2.4.0 <3.0.0",
      "resolved": "https://registry.npmjs.org/core-js/-/core-js-2.5.3.tgz"
    },
    "core-util-is": {
      "version": "1.0.2",
      "from": "core-util-is@>=1.0.0 <1.1.0",
      "resolved": "https://registry.npmjs.org/core-util-is/-/core-util-is-1.0.2.tgz"
    },
    "date-format": {
      "version": "1.2.0",
      "from": "date-format@>=1.2.0 <2.0.0",
      "resolved": "https://registry.npmjs.org/date-format/-/date-format-1.2.0.tgz"
    },
    "debug": {
      "version": "2.6.9",
      "from": "debug@2.6.9",
      "resolved": "https://registry.npmjs.org/debug/-/debug-2.6.9.tgz"
    },
    "decamelize": {
      "version": "1.2.0",
      "from": "decamelize@>=1.0.0 <2.0.0",
      "resolved": "https://registry.npmjs.org/decamelize/-/decamelize-1.2.0.tgz",
      "optional": true
    },
    "depd": {
      "version": "1.1.0",
      "from": "depd@>=1.1.0 <1.2.0",
      "resolved": "https://registry.npmjs.org/depd/-/depd-1.1.0.tgz"
    },
    "destroy": {
      "version": "1.0.4",
      "from": "destroy@>=1.0.4 <1.1.0",
      "resolved": "https://registry.npmjs.org/destroy/-/destroy-1.0.4.tgz"
    },
    "detect-indent": {
      "version": "4.0.0",
      "from": "detect-indent@>=4.0.0 <5.0.0",
      "resolved": "https://registry.npmjs.org/detect-indent/-/detect-indent-4.0.0.tgz"
    },
    "diff": {
      "version": "3.3.1",
      "from": "diff@3.3.1",
      "resolved": "https://registry.npmjs.org/diff/-/diff-3.3.1.tgz"
    },
    "ee-first": {
      "version": "1.1.1",
      "from": "ee-first@1.1.1",
      "resolved": "https://registry.npmjs.org/ee-first/-/ee-first-1.1.1.tgz"
    },
    "encodeurl": {
      "version": "1.0.2",
      "from": "encodeurl@>=1.0.1 <1.1.0",
      "resolved": "https://registry.npmjs.org/encodeurl/-/encodeurl-1.0.2.tgz"
    },
    "escape-html": {
      "version": "1.0.3",
      "from": "escape-html@>=1.0.3 <1.1.0",
      "resolved": "https://registry.npmjs.org/escape-html/-/escape-html-1.0.3.tgz"
    },
    "escape-string-regexp": {
      "version": "1.0.5",
      "from": "escape-string-regexp@1.0.5",
      "resolved": "https://registry.npmjs.org/escape-string-regexp/-/escape-string-regexp-1.0.5.tgz"
    },
    "esutils": {
      "version": "2.0.2",
      "from": "esutils@>=2.0.2 <3.0.0",
      "resolved": "https://registry.npmjs.org/esutils/-/esutils-2.0.2.tgz"
    },
    "etag": {
      "version": "1.8.1",
      "from": "etag@>=1.8.1 <1.9.0",
      "resolved": "https://registry.npmjs.org/etag/-/etag-1.8.1.tgz"
    },
    "eventemitter3": {
      "version": "1.2.0",
      "from": "eventemitter3@>=1.0.0 <2.0.0",
      "resolved": "https://registry.npmjs.org/eventemitter3/-/eventemitter3-1.2.0.tgz"
    },
    "express": {
      "version": "4.16.2",
      "from": "express@*",
      "resolved": "https://registry.npmjs.org/express/-/express-4.16.2.tgz",
      "dependencies": {
        "depd": {
          "version": "1.1.2",
          "from": "depd@>=1.1.1 <1.2.0",
          "resolved": "https://registry.npmjs.org/depd/-/depd-1.1.2.tgz"
        },
        "send": {
          "version": "0.16.1",
          "from": "send@0.16.1",
          "resolved": "https://registry.npmjs.org/send/-/send-0.16.1.tgz"
        }
      }
    },
    "faye-websocket": {
      "version": "0.11.1",
      "from": "faye-websocket@0.11.1",
      "resolved": "https://registry.npmjs.org/faye-websocket/-/faye-websocket-0.11.1.tgz"
    },
    "finalhandler": {
      "version": "1.1.0",
      "from": "finalhandler@1.1.0",
      "resolved": "https://registry.npmjs.org/finalhandler/-/finalhandler-1.1.0.tgz"
    },
    "forwarded": {
      "version": "0.1.2",
      "from": "forwarded@>=0.1.2 <0.2.0",
      "resolved": "https://registry.npmjs.org/forwarded/-/forwarded-0.1.2.tgz"
    },
    "fresh": {
      "version": "0.5.2",
      "from": "fresh@0.5.2",
      "resolved": "https://registry.npmjs.org/fresh/-/fresh-0.5.2.tgz"
    },
    "fs.realpath": {
      "version": "1.0.0",
      "from": "fs.realpath@>=1.0.0 <2.0.0",
      "resolved": "https://registry.npmjs.org/fs.realpath/-/fs.realpath-1.0.0.tgz"
    },
    "glob": {
      "version": "7.1.2",
      "from": "glob@7.1.2",
      "resolved": "https://registry.npmjs.org/glob/-/glob-7.1.2.tgz"
    },
    "globals": {
      "version": "9.18.0",
      "from": "globals@>=9.18.0 <10.0.0",
      "resolved": "https://registry.npmjs.org/globals/-/globals-9.18.0.tgz"
    },
    "graceful-fs": {
      "version": "4.1.11",
      "from": "graceful-fs@4.1.11",
      "resolved": "https://registry.npmjs.org/graceful-fs/-/graceful-fs-4.1.11.tgz"
    },
    "growl": {
      "version": "1.10.3",
      "from": "growl@1.10.3",
      "resolved": "https://registry.npmjs.org/growl/-/growl-1.10.3.tgz"
    },
    "handlebars": {
      "version": "4.0.11",
      "from": "handlebars@*",
      "resolved": "https://registry.npmjs.org/handlebars/-/handlebars-4.0.11.tgz"
    },
    "has-ansi": {
      "version": "2.0.0",
      "from": "has-ansi@>=2.0.0 <3.0.0",
      "resolved": "https://registry.npmjs.org/has-ansi/-/has-ansi-2.0.0.tgz"
    },
    "has-flag": {
      "version": "2.0.0",
      "from": "has-flag@>=2.0.0 <3.0.0",
      "resolved": "https://registry.npmjs.org/has-flag/-/has-flag-2.0.0.tgz"
    },
    "he": {
      "version": "1.1.1",
      "from": "he@1.1.1",
      "resolved": "https://registry.npmjs.org/he/-/he-1.1.1.tgz"
    },
    "home-or-tmp": {
      "version": "2.0.0",
      "from": "home-or-tmp@>=2.0.0 <3.0.0",
      "resolved": "https://registry.npmjs.org/home-or-tmp/-/home-or-tmp-2.0.0.tgz"
    },
    "http-errors": {
      "version": "1.6.2",
      "from": "http-errors@>=1.6.2 <1.7.0",
      "resolved": "https://registry.npmjs.org/http-errors/-/http-errors-1.6.2.tgz",
      "dependencies": {
        "depd": {
          "version": "1.1.1",
          "from": "depd@1.1.1",
          "resolved": "https://registry.npmjs.org/depd/-/depd-1.1.1.tgz"
        },
        "setprototypeof": {
          "version": "1.0.3",
          "from": "setprototypeof@1.0.3",
          "resolved": "https://registry.npmjs.org/setprototypeof/-/setprototypeof-1.0.3.tgz"
        }
      }
    },
    "http-proxy": {
      "version": "1.16.2",
      "from": "http-proxy@1.16.2",
      "resolved": "https://registry.npmjs.org/http-proxy/-/http-proxy-1.16.2.tgz"
    },
    "iconv-lite": {
      "version": "0.4.19",
      "from": "iconv-lite@0.4.19",
      "resolved": "https://registry.npmjs.org/iconv-lite/-/iconv-lite-0.4.19.tgz"
    },
    "inflight": {
      "version": "1.0.6",
      "from": "inflight@>=1.0.4 <2.0.0",
      "resolved": "https://registry.npmjs.org/inflight/-/inflight-1.0.6.tgz"
    },
    "inherits": {
      "version": "2.0.3",
      "from": "inherits@2.0.3",
      "resolved": "https://registry.npmjs.org/inherits/-/inherits-2.0.3.tgz"
    },
    "invariant": {
      "version": "2.2.3",
      "from": "invariant@>=2.2.2 <3.0.0",
      "resolved": "https://registry.npmjs.org/invariant/-/invariant-2.2.3.tgz"
    },
    "ipaddr.js": {
      "version": "1.6.0",
      "from": "ipaddr.js@1.6.0",
      "resolved": "https://registry.npmjs.org/ipaddr.js/-/ipaddr.js-1.6.0.tgz"
    },
    "is-buffer": {
      "version": "1.1.6",
      "from": "is-buffer@>=1.1.5 <2.0.0",
      "resolved": "https://registry.npmjs.org/is-buffer/-/is-buffer-1.1.6.tgz"
    },
    "is-finite": {
      "version": "1.0.2",
      "from": "is-finite@>=1.0.0 <2.0.0",
      "resolved": "https://registry.npmjs.org/is-finite/-/is-finite-1.0.2.tgz"
    },
    "isarray": {
      "version": "0.0.1",
      "from": "isarray@0.0.1",
      "resolved": "https://registry.npmjs.org/isarray/-/isarray-0.0.1.tgz"
    },
    "js-tokens": {
      "version": "3.0.2",
      "from": "js-tokens@>=3.0.2 <4.0.0",
      "resolved": "https://registry.npmjs.org/js-tokens/-/js-tokens-3.0.2.tgz"
    },
    "jsesc": {
      "version": "1.3.0",
      "from": "jsesc@>=1.3.0 <2.0.0",
      "resolved": "https://registry.npmjs.org/jsesc/-/jsesc-1.3.0.tgz"
    },
    "json5": {
      "version": "0.5.1",
      "from": "json5@>=0.5.1 <0.6.0",
      "resolved": "https://registry.npmjs.org/json5/-/json5-0.5.1.tgz"
    },
    "just-extend": {
      "version": "1.1.27",
      "from": "just-extend@>=1.1.27 <2.0.0",
      "resolved": "https://registry.npmjs.org/just-extend/-/just-extend-1.1.27.tgz"
    },
    "keygrip": {
      "version": "1.0.1",
      "from": "keygrip@>=1.0.0 <1.1.0",
      "resolved": "https://registry.npmjs.org/keygrip/-/keygrip-1.0.1.tgz"
    },
    "kind-of": {
      "version": "3.2.2",
      "from": "kind-of@>=3.0.2 <4.0.0",
      "resolved": "https://registry.npmjs.org/kind-of/-/kind-of-3.2.2.tgz"
    },
    "lazy-cache": {
      "version": "1.0.4",
      "from": "lazy-cache@>=1.0.3 <2.0.0",
      "resolved": "https://registry.npmjs.org/lazy-cache/-/lazy-cache-1.0.4.tgz",
      "optional": true
    },
    "lodash": {
      "version": "4.17.5",
      "from": "lodash@>=4.0.0 <5.0.0",
      "resolved": "https://registry.npmjs.org/lodash/-/lodash-4.17.5.tgz"
    },
    "lodash.get": {
      "version": "4.4.2",
      "from": "lodash.get@>=4.4.2 <5.0.0",
      "resolved": "https://registry.npmjs.org/lodash.get/-/lodash.get-4.4.2.tgz"
    },
    "log4js": {
      "version": "2.5.3",
      "from": "log4js@*",
      "resolved": "https://registry.npmjs.org/log4js/-/log4js-2.5.3.tgz",
      "dependencies": {
        "debug": {
          "version": "3.1.0",
          "from": "debug@>=3.1.0 <4.0.0",
          "resolved": "https://registry.npmjs.org/debug/-/debug-3.1.0.tgz"
        }
      }
    },
    "lolex": {
      "version": "2.3.2",
      "from": "lolex@>=2.2.0 <3.0.0",
      "resolved": "https://registry.npmjs.org/lolex/-/lolex-2.3.2.tgz"
    },
    "longest": {
      "version": "1.0.1",
      "from": "longest@>=1.0.1 <2.0.0",
      "resolved": "https://registry.npmjs.org/longest/-/longest-1.0.1.tgz"
    },
    "loose-envify": {
      "version": "1.3.1",
      "from": "loose-envify@>=1.0.0 <2.0.0",
      "resolved": "https://registry.npmjs.org/loose-envify/-/loose-envify-1.3.1.tgz"
    },
    "media-typer": {
      "version": "0.3.0",
      "from": "media-typer@0.3.0",
      "resolved": "https://registry.npmjs.org/media-typer/-/media-typer-0.3.0.tgz"
    },
    "merge-descriptors": {
      "version": "1.0.1",
      "from": "merge-descriptors@1.0.1",
      "resolved": "https://registry.npmjs.org/merge-descriptors/-/merge-descriptors-1.0.1.tgz"
    },
    "methods": {
      "version": "1.1.2",
      "from": "methods@>=1.1.2 <1.2.0",
      "resolved": "https://registry.npmjs.org/methods/-/methods-1.1.2.tgz"
    },
    "mime": {
      "version": "1.4.1",
      "from": "mime@1.4.1",
      "resolved": "https://registry.npmjs.org/mime/-/mime-1.4.1.tgz"
    },
    "mime-db": {
      "version": "1.33.0",
      "from": "mime-db@>=1.33.0 <1.34.0",
      "resolved": "https://registry.npmjs.org/mime-db/-/mime-db-1.33.0.tgz"
    },
    "mime-types": {
      "version": "2.1.18",
      "from": "mime-types@>=2.1.16 <2.2.0",
      "resolved": "https://registry.npmjs.org/mime-types/-/mime-types-2.1.18.tgz"
    },
    "minimatch": {
      "version": "3.0.4",
      "from": "minimatch@>=3.0.2 <4.0.0",
      "resolved": "https://registry.npmjs.org/minimatch/-/minimatch-3.0.4.tgz"
    },
    "minimist": {
      "version": "0.0.10",
      "from": "minimist@>=0.0.1 <0.1.0",
      "resolved": "https://registry.npmjs.org/minimist/-/minimist-0.0.10.tgz"
    },
    "mkdirp": {
      "version": "0.5.1",
      "from": "mkdirp@0.5.1",
      "resolved": "https://registry.npmjs.org/mkdirp/-/mkdirp-0.5.1.tgz",
      "dependencies": {
        "minimist": {
          "version": "0.0.8",
          "from": "minimist@0.0.8",
          "resolved": "https://registry.npmjs.org/minimist/-/minimist-0.0.8.tgz"
        }
      }
    },
    "mocha": {
      "version": "5.0.1",
      "from": "mocha@*",
      "resolved": "https://registry.npmjs.org/mocha/-/mocha-5.0.1.tgz",
      "dependencies": {
        "commander": {
          "version": "2.11.0",
          "from": "commander@2.11.0",
          "resolved": "https://registry.npmjs.org/commander/-/commander-2.11.0.tgz"
        },
        "debug": {
          "version": "3.1.0",
          "from": "debug@3.1.0",
          "resolved": "https://registry.npmjs.org/debug/-/debug-3.1.0.tgz"
        },
        "supports-color": {
          "version": "4.4.0",
          "from": "supports-color@4.4.0",
          "resolved": "https://registry.npmjs.org/supports-color/-/supports-color-4.4.0.tgz"
        }
      }
    },
    "moment": {
      "version": "2.20.1",
      "from": "moment@*",
      "resolved": "https://registry.npmjs.org/moment/-/moment-2.20.1.tgz"
    },
    "morgan": {
      "version": "1.9.0",
      "from": "morgan@*",
      "resolved": "https://registry.npmjs.org/morgan/-/morgan-1.9.0.tgz",
      "dependencies": {
        "depd": {
          "version": "1.1.2",
          "from": "depd@~1.1.1",
          "resolved": "https://registry.npmjs.org/depd/-/depd-1.1.2.tgz"
        }
      }
    },
    "ms": {
      "version": "2.0.0",
      "from": "ms@2.0.0",
      "resolved": "https://registry.npmjs.org/ms/-/ms-2.0.0.tgz"
    },
    "negotiator": {
      "version": "0.6.1",
      "from": "negotiator@0.6.1",
      "resolved": "https://registry.npmjs.org/negotiator/-/negotiator-0.6.1.tgz"
    },
    "nise": {
      "version": "1.2.5",
      "from": "nise@>=1.2.0 <2.0.0",
      "resolved": "https://registry.npmjs.org/nise/-/nise-1.2.5.tgz",
      "dependencies": {
        "path-to-regexp": {
          "version": "1.7.0",
          "from": "path-to-regexp@>=1.7.0 <2.0.0",
          "resolved": "https://registry.npmjs.org/path-to-regexp/-/path-to-regexp-1.7.0.tgz"
        }
      }
    },
    "number-is-nan": {
      "version": "1.0.1",
      "from": "number-is-nan@>=1.0.0 <2.0.0",
      "resolved": "https://registry.npmjs.org/number-is-nan/-/number-is-nan-1.0.1.tgz"
    },
    "on-finished": {
      "version": "2.3.0",
      "from": "on-finished@>=2.3.0 <2.4.0",
      "resolved": "https://registry.npmjs.org/on-finished/-/on-finished-2.3.0.tgz"
    },
    "on-headers": {
      "version": "1.0.1",
      "from": "on-headers@>=1.0.1 <1.1.0",
      "resolved": "https://registry.npmjs.org/on-headers/-/on-headers-1.0.1.tgz"
    },
    "once": {
      "version": "1.4.0",
      "from": "once@>=1.3.0 <2.0.0",
      "resolved": "https://registry.npmjs.org/once/-/once-1.4.0.tgz"
    },
    "optimist": {
      "version": "0.6.1",
      "from": "optimist@0.6.1",
      "resolved": "https://registry.npmjs.org/optimist/-/optimist-0.6.1.tgz"
    },
    "os-homedir": {
      "version": "1.0.2",
      "from": "os-homedir@>=1.0.0 <2.0.0",
      "resolved": "https://registry.npmjs.org/os-homedir/-/os-homedir-1.0.2.tgz"
    },
    "os-tmpdir": {
      "version": "1.0.2",
      "from": "os-tmpdir@>=1.0.1 <2.0.0",
      "resolved": "https://registry.npmjs.org/os-tmpdir/-/os-tmpdir-1.0.2.tgz"
    },
    "parseurl": {
      "version": "1.3.2",
      "from": "parseurl@>=1.3.2 <1.4.0",
      "resolved": "https://registry.npmjs.org/parseurl/-/parseurl-1.3.2.tgz"
    },
    "path-is-absolute": {
      "version": "1.0.1",
      "from": "path-is-absolute@>=1.0.0 <2.0.0",
      "resolved": "https://registry.npmjs.org/path-is-absolute/-/path-is-absolute-1.0.1.tgz"
    },
    "path-to-regexp": {
      "version": "0.1.7",
      "from": "path-to-regexp@0.1.7",
      "resolved": "https://registry.npmjs.org/path-to-regexp/-/path-to-regexp-0.1.7.tgz"
    },
    "pause": {
      "version": "0.1.0",
      "from": "pause@0.1.0",
      "resolved": "https://registry.npmjs.org/pause/-/pause-0.1.0.tgz"
    },
    "private": {
      "version": "0.1.8",
      "from": "private@>=0.1.7 <0.2.0",
      "resolved": "https://registry.npmjs.org/private/-/private-0.1.8.tgz"
    },
    "process-nextick-args": {
      "version": "2.0.0",
      "from": "process-nextick-args@>=2.0.0 <2.1.0",
      "resolved": "https://registry.npmjs.org/process-nextick-args/-/process-nextick-args-2.0.0.tgz"
    },
    "proxy-addr": {
      "version": "2.0.3",
      "from": "proxy-addr@>=2.0.2 <2.1.0",
      "resolved": "https://registry.npmjs.org/proxy-addr/-/proxy-addr-2.0.3.tgz"
    },
    "q": {
      "version": "1.5.1",
      "from": "q@*",
      "resolved": "https://registry.npmjs.org/q/-/q-1.5.1.tgz"
    },
    "qs": {
      "version": "6.5.1",
      "from": "qs@*",
      "resolved": "https://registry.npmjs.org/qs/-/qs-6.5.1.tgz"
    },
    "range-parser": {
      "version": "1.2.0",
      "from": "range-parser@>=1.2.0 <1.3.0",
      "resolved": "https://registry.npmjs.org/range-parser/-/range-parser-1.2.0.tgz"
    },
    "raw-body": {
      "version": "2.3.2",
      "from": "raw-body@2.3.2",
      "resolved": "https://registry.npmjs.org/raw-body/-/raw-body-2.3.2.tgz"
    },
    "readable-stream": {
      "version": "2.3.4",
      "from": "readable-stream@>=2.3.0 <3.0.0",
      "resolved": "https://registry.npmjs.org/readable-stream/-/readable-stream-2.3.4.tgz",
      "dependencies": {
        "isarray": {
          "version": "1.0.0",
          "from": "isarray@>=1.0.0 <1.1.0",
          "resolved": "https://registry.npmjs.org/isarray/-/isarray-1.0.0.tgz"
        }
      }
    },
    "regenerator-runtime": {
      "version": "0.11.1",
      "from": "regenerator-runtime@>=0.11.0 <0.12.0",
      "resolved": "https://registry.npmjs.org/regenerator-runtime/-/regenerator-runtime-0.11.1.tgz"
    },
    "regexp-quote": {
      "version": "0.0.0",
      "from": "regexp-quote@0.0.0",
      "resolved": "https://registry.npmjs.org/regexp-quote/-/regexp-quote-0.0.0.tgz"
    },
    "repeat-string": {
      "version": "1.6.1",
      "from": "repeat-string@>=1.5.2 <2.0.0",
      "resolved": "https://registry.npmjs.org/repeat-string/-/repeat-string-1.6.1.tgz"
    },
    "repeating": {
      "version": "2.0.1",
      "from": "repeating@>=2.0.0 <3.0.0",
      "resolved": "https://registry.npmjs.org/repeating/-/repeating-2.0.1.tgz"
    },
    "requires-port": {
      "version": "1.0.0",
      "from": "requires-port@>=1.0.0 <2.0.0",
      "resolved": "https://registry.npmjs.org/requires-port/-/requires-port-1.0.0.tgz"
    },
    "rewire": {
      "version": "3.0.2",
      "from": "rewire@*",
      "resolved": "https://registry.npmjs.org/rewire/-/rewire-3.0.2.tgz"
    },
    "right-align": {
      "version": "0.1.3",
      "from": "right-align@>=0.1.1 <0.2.0",
      "resolved": "https://registry.npmjs.org/right-align/-/right-align-0.1.3.tgz",
      "optional": true
    },
    "safe-buffer": {
      "version": "5.1.1",
      "from": "safe-buffer@5.1.1",
      "resolved": "https://registry.npmjs.org/safe-buffer/-/safe-buffer-5.1.1.tgz"
    },
    "samsam": {
      "version": "1.3.0",
      "from": "samsam@1.3.0",
      "resolved": "https://registry.npmjs.org/samsam/-/samsam-1.3.0.tgz"
    },
    "semver": {
      "version": "5.5.0",
      "from": "semver@>=5.3.0 <6.0.0",
      "resolved": "https://registry.npmjs.org/semver/-/semver-5.5.0.tgz"
    },
    "send": {
      "version": "0.16.2",
      "from": "send@*",
      "resolved": "https://registry.npmjs.org/send/-/send-0.16.2.tgz",
      "dependencies": {
        "depd": {
          "version": "1.1.2",
          "from": "depd@~1.1.2",
          "resolved": "https://registry.npmjs.org/depd/-/depd-1.1.2.tgz"
        },
        "statuses": {
          "version": "1.4.0",
          "from": "statuses@>=1.4.0 <1.5.0",
          "resolved": "https://registry.npmjs.org/statuses/-/statuses-1.4.0.tgz"
        }
      }
    },
    "serve-static": {
      "version": "1.13.1",
      "from": "serve-static@1.13.1",
      "resolved": "https://registry.npmjs.org/serve-static/-/serve-static-1.13.1.tgz",
      "dependencies": {
        "depd": {
          "version": "1.1.2",
          "from": "depd@~1.1.1",
          "resolved": "https://registry.npmjs.org/depd/-/depd-1.1.2.tgz"
        },
        "send": {
          "version": "0.16.1",
          "from": "send@0.16.1",
          "resolved": "https://registry.npmjs.org/send/-/send-0.16.1.tgz"
        }
      }
    },
    "setprototypeof": {
      "version": "1.1.0",
      "from": "setprototypeof@1.1.0",
      "resolved": "https://registry.npmjs.org/setprototypeof/-/setprototypeof-1.1.0.tgz"
    },
    "shiny-server-client": {
      "version": "1.0.0",
      "from": "https://github.com/rstudio/shiny-server-client/archive/f214eae20.tar.gz",
      "resolved": "https://github.com/rstudio/shiny-server-client/archive/f214eae20.tar.gz",
      "dependencies": {
        "commander": {
          "version": "2.3.0",
          "from": "commander@2.3.0",
          "resolved": "https://registry.npmjs.org/commander/-/commander-2.3.0.tgz"
        },
        "escape-string-regexp": {
          "version": "1.0.2",
          "from": "escape-string-regexp@1.0.2",
          "resolved": "https://registry.npmjs.org/escape-string-regexp/-/escape-string-regexp-1.0.2.tgz"
        },
        "formatio": {
          "version": "1.1.1",
          "from": "formatio@1.1.1",
          "resolved": "https://registry.npmjs.org/formatio/-/formatio-1.1.1.tgz"
        },
        "graceful-fs": {
          "version": "2.0.3",
          "from": "graceful-fs@>=2.0.0 <2.1.0",
          "resolved": "https://registry.npmjs.org/graceful-fs/-/graceful-fs-2.0.3.tgz"
        },
        "inherits": {
          "version": "2.0.1",
          "from": "inherits@>=2.0.0 <2.1.0",
          "resolved": "https://registry.npmjs.org/inherits/-/inherits-2.0.1.tgz"
        },
        "jade": {
          "version": "0.26.3",
          "from": "jade@0.26.3",
          "resolved": "https://registry.npmjs.org/jade/-/jade-0.26.3.tgz",
          "dependencies": {
            "commander": {
              "version": "0.6.1",
              "from": "commander@0.6.1",
              "resolved": "https://registry.npmjs.org/commander/-/commander-0.6.1.tgz"
            },
            "mkdirp": {
              "version": "0.3.0",
              "from": "mkdirp@0.3.0",
              "resolved": "https://registry.npmjs.org/mkdirp/-/mkdirp-0.3.0.tgz"
            }
          }
        },
        "lolex": {
          "version": "1.3.2",
          "from": "lolex@1.3.2",
          "resolved": "https://registry.npmjs.org/lolex/-/lolex-1.3.2.tgz"
        },
        "lru-cache": {
          "version": "2.7.3",
          "from": "lru-cache@>=2.0.0 <3.0.0",
          "resolved": "https://registry.npmjs.org/lru-cache/-/lru-cache-2.7.3.tgz"
        },
        "minimatch": {
          "version": "0.2.14",
          "from": "minimatch@>=0.2.11 <0.3.0",
          "resolved": "https://registry.npmjs.org/minimatch/-/minimatch-0.2.14.tgz"
        },
        "minimist": {
          "version": "0.0.8",
          "from": "minimist@0.0.8",
          "resolved": "https://registry.npmjs.org/minimist/-/minimist-0.0.8.tgz"
        },
        "mkdirp": {
          "version": "0.5.0",
          "from": "mkdirp@0.5.0",
          "resolved": "https://registry.npmjs.org/mkdirp/-/mkdirp-0.5.0.tgz"
        },
        "pinkyswear": {
          "version": "2.2.2",
          "from": "pinkyswear@>=2.2.0 <2.3.0",
          "resolved": "https://registry.npmjs.org/pinkyswear/-/pinkyswear-2.2.2.tgz"
        },
        "promises-aplus-tests": {
          "version": "2.0.5",
          "from": "promises-aplus-tests@>=2.0.4 <2.1.0",
          "resolved": "https://registry.npmjs.org/promises-aplus-tests/-/promises-aplus-tests-2.0.5.tgz",
          "dependencies": {
            "debug": {
              "version": "2.0.0",
              "from": "debug@2.0.0",
              "resolved": "https://registry.npmjs.org/debug/-/debug-2.0.0.tgz"
            },
            "diff": {
              "version": "1.0.8",
              "from": "diff@1.0.8",
              "resolved": "https://registry.npmjs.org/diff/-/diff-1.0.8.tgz"
            },
            "glob": {
              "version": "3.2.3",
              "from": "glob@3.2.3",
              "resolved": "https://registry.npmjs.org/glob/-/glob-3.2.3.tgz"
            },
            "growl": {
              "version": "1.8.1",
              "from": "growl@1.8.1",
              "resolved": "https://registry.npmjs.org/growl/-/growl-1.8.1.tgz"
            },
            "mocha": {
              "version": "1.21.5",
              "from": "mocha@>=1.21.4 <1.22.0",
              "resolved": "https://registry.npmjs.org/mocha/-/mocha-1.21.5.tgz"
            },
            "ms": {
              "version": "0.6.2",
              "from": "ms@0.6.2",
              "resolved": "https://registry.npmjs.org/ms/-/ms-0.6.2.tgz"
            }
          }
        },
        "samsam": {
          "version": "1.1.2",
          "from": "samsam@1.1.2",
          "resolved": "https://registry.npmjs.org/samsam/-/samsam-1.1.2.tgz"
        },
        "sigmund": {
          "version": "1.0.1",
          "from": "sigmund@>=1.0.0 <1.1.0",
          "resolved": "https://registry.npmjs.org/sigmund/-/sigmund-1.0.1.tgz"
        },
        "sinon": {
          "version": "1.17.3",
          "from": "sinon@>=1.10.3 <2.0.0",
          "resolved": "https://registry.npmjs.org/sinon/-/sinon-1.17.3.tgz"
        },
        "underscore": {
          "version": "1.6.0",
          "from": "underscore@>=1.6.0 <1.7.0",
          "resolved": "https://registry.npmjs.org/underscore/-/underscore-1.6.0.tgz"
        },
        "util": {
          "version": "0.10.3",
          "from": "util@>=0.10.3 <1.0.0",
          "resolved": "https://registry.npmjs.org/util/-/util-0.10.3.tgz"
        }
      }
    },
    "should": {
      "version": "13.2.1",
      "from": "should@*",
      "resolved": "https://registry.npmjs.org/should/-/should-13.2.1.tgz"
    },
    "should-equal": {
      "version": "2.0.0",
      "from": "should-equal@>=2.0.0 <3.0.0",
      "resolved": "https://registry.npmjs.org/should-equal/-/should-equal-2.0.0.tgz"
    },
    "should-format": {
      "version": "3.0.3",
      "from": "should-format@>=3.0.2 <4.0.0",
      "resolved": "https://registry.npmjs.org/should-format/-/should-format-3.0.3.tgz"
    },
    "should-type": {
      "version": "1.4.0",
      "from": "should-type@>=1.4.0 <2.0.0",
      "resolved": "https://registry.npmjs.org/should-type/-/should-type-1.4.0.tgz"
    },
    "should-type-adaptors": {
      "version": "1.1.0",
      "from": "should-type-adaptors@>=1.0.1 <2.0.0",
      "resolved": "https://registry.npmjs.org/should-type-adaptors/-/should-type-adaptors-1.1.0.tgz"
    },
    "should-util": {
      "version": "1.0.0",
      "from": "should-util@>=1.0.0 <2.0.0",
      "resolved": "https://registry.npmjs.org/should-util/-/should-util-1.0.0.tgz"
    },
    "sinon": {
      "version": "4.3.0",
      "from": "sinon@*",
      "resolved": "https://registry.npmjs.org/sinon/-/sinon-4.3.0.tgz",
      "dependencies": {
        "has-flag": {
          "version": "3.0.0",
          "from": "has-flag@>=3.0.0 <4.0.0",
          "resolved": "https://registry.npmjs.org/has-flag/-/has-flag-3.0.0.tgz"
        },
        "supports-color": {
          "version": "5.2.0",
          "from": "supports-color@>=5.1.0 <6.0.0",
          "resolved": "https://registry.npmjs.org/supports-color/-/supports-color-5.2.0.tgz"
        }
      }
    },
    "slash": {
      "version": "1.0.0",
      "from": "slash@>=1.0.0 <2.0.0",
      "resolved": "https://registry.npmjs.org/slash/-/slash-1.0.0.tgz"
    },
    "sockjs": {
      "version": "0.3.19",
      "from": "sockjs@*",
      "resolved": "https://registry.npmjs.org/sockjs/-/sockjs-0.3.19.tgz",
      "dependencies": {
        "faye-websocket": {
          "version": "0.10.0",
          "from": "faye-websocket@>=0.10.0 <0.11.0",
          "resolved": "https://registry.npmjs.org/faye-websocket/-/faye-websocket-0.10.0.tgz"
        }
      }
    },
    "source-map": {
      "version": "0.4.4",
      "from": "source-map@>=0.4.4 <0.5.0",
      "resolved": "https://registry.npmjs.org/source-map/-/source-map-0.4.4.tgz"
    },
    "source-map-support": {
      "version": "0.4.18",
      "from": "source-map-support@>=0.4.15 <0.5.0",
      "resolved": "https://registry.npmjs.org/source-map-support/-/source-map-support-0.4.18.tgz",
      "dependencies": {
        "source-map": {
          "version": "0.5.7",
          "from": "source-map@>=0.5.6 <0.6.0",
          "resolved": "https://registry.npmjs.org/source-map/-/source-map-0.5.7.tgz"
        }
      }
    },
    "split": {
      "version": "1.0.1",
      "from": "split@*",
      "resolved": "https://registry.npmjs.org/split/-/split-1.0.1.tgz"
    },
    "stable": {
      "version": "0.1.6",
      "from": "stable@*",
      "resolved": "https://registry.npmjs.org/stable/-/stable-0.1.6.tgz"
    },
    "statuses": {
      "version": "1.3.1",
      "from": "statuses@>=1.3.1 <1.4.0",
      "resolved": "https://registry.npmjs.org/statuses/-/statuses-1.3.1.tgz"
    },
    "streamroller": {
      "version": "0.7.0",
      "from": "streamroller@>=0.7.0 <0.8.0",
      "resolved": "https://registry.npmjs.org/streamroller/-/streamroller-0.7.0.tgz",
      "dependencies": {
        "debug": {
          "version": "3.1.0",
          "from": "debug@^3.1.0",
          "resolved": "https://registry.npmjs.org/debug/-/debug-3.1.0.tgz"
        }
      }
    },
    "string_decoder": {
      "version": "1.0.3",
      "from": "string_decoder@>=1.0.3 <1.1.0",
      "resolved": "https://registry.npmjs.org/string_decoder/-/string_decoder-1.0.3.tgz"
    },
    "strip-ansi": {
      "version": "3.0.1",
      "from": "strip-ansi@>=3.0.0 <4.0.0",
      "resolved": "https://registry.npmjs.org/strip-ansi/-/strip-ansi-3.0.1.tgz"
    },
    "supports-color": {
      "version": "2.0.0",
      "from": "supports-color@>=2.0.0 <3.0.0",
      "resolved": "https://registry.npmjs.org/supports-color/-/supports-color-2.0.0.tgz"
    },
    "text-encoding": {
      "version": "0.6.4",
      "from": "text-encoding@0.6.4",
      "resolved": "https://registry.npmjs.org/text-encoding/-/text-encoding-0.6.4.tgz"
    },
    "through": {
      "version": "2.3.8",
      "from": "through@>=2.0.0 <3.0.0",
      "resolved": "https://registry.npmjs.org/through/-/through-2.3.8.tgz"
    },
    "to-fast-properties": {
      "version": "1.0.3",
      "from": "to-fast-properties@>=1.0.3 <2.0.0",
      "resolved": "https://registry.npmjs.org/to-fast-properties/-/to-fast-properties-1.0.3.tgz"
    },
    "trim-right": {
      "version": "1.0.1",
      "from": "trim-right@>=1.0.1 <2.0.0",
      "resolved": "https://registry.npmjs.org/trim-right/-/trim-right-1.0.1.tgz"
    },
    "type-detect": {
      "version": "4.0.8",
      "from": "type-detect@>=4.0.5 <5.0.0",
      "resolved": "https://registry.npmjs.org/type-detect/-/type-detect-4.0.8.tgz"
    },
    "type-is": {
      "version": "1.6.16",
      "from": "type-is@>=1.6.15 <1.7.0",
      "resolved": "https://registry.npmjs.org/type-is/-/type-is-1.6.16.tgz"
    },
    "uglify-js": {
      "version": "2.8.29",
      "from": "uglify-js@>=2.6.0 <3.0.0",
      "resolved": "https://registry.npmjs.org/uglify-js/-/uglify-js-2.8.29.tgz",
      "optional": true,
      "dependencies": {
        "source-map": {
          "version": "0.5.7",
          "from": "source-map@>=0.5.1 <0.6.0",
          "resolved": "https://registry.npmjs.org/source-map/-/source-map-0.5.7.tgz",
          "optional": true
        }
      }
    },
    "uglify-to-browserify": {
      "version": "1.0.2",
      "from": "uglify-to-browserify@>=1.0.0 <1.1.0",
      "resolved": "https://registry.npmjs.org/uglify-to-browserify/-/uglify-to-browserify-1.0.2.tgz",
      "optional": true
    },
    "underscore": {
      "version": "1.8.3",
      "from": "underscore@1.8.3",
      "resolved": "https://registry.npmjs.org/underscore/-/underscore-1.8.3.tgz"
    },
    "unixgroups": {
      "version": "0.2.0",
      "from": "https://github.com/rstudio/node-unixgroups/tarball/e6dfefe",
      "resolved": "https://github.com/rstudio/node-unixgroups/tarball/e6dfefe"
    },
    "unpipe": {
      "version": "1.0.0",
      "from": "unpipe@>=1.0.0 <1.1.0",
      "resolved": "https://registry.npmjs.org/unpipe/-/unpipe-1.0.0.tgz"
    },
    "util-deprecate": {
      "version": "1.0.2",
      "from": "util-deprecate@>=1.0.1 <1.1.0",
      "resolved": "https://registry.npmjs.org/util-deprecate/-/util-deprecate-1.0.2.tgz"
    },
    "utils-merge": {
      "version": "1.0.1",
      "from": "utils-merge@1.0.1",
      "resolved": "https://registry.npmjs.org/utils-merge/-/utils-merge-1.0.1.tgz"
    },
    "uuid": {
      "version": "3.2.1",
      "from": "uuid@>=3.1.0 <4.0.0",
      "resolved": "https://registry.npmjs.org/uuid/-/uuid-3.2.1.tgz"
    },
    "vary": {
      "version": "1.1.2",
      "from": "vary@>=1.1.2 <1.2.0",
      "resolved": "https://registry.npmjs.org/vary/-/vary-1.1.2.tgz"
    },
    "websocket-driver": {
      "version": "0.6.5",
      "from": "websocket-driver@>=0.5.1",
      "resolved": "https://registry.npmjs.org/websocket-driver/-/websocket-driver-0.6.5.tgz"
    },
    "websocket-extensions": {
      "version": "0.1.1",
      "from": "websocket-extensions@>=0.1.1",
      "resolved": "https://registry.npmjs.org/websocket-extensions/-/websocket-extensions-0.1.1.tgz"
    },
    "window-size": {
      "version": "0.1.0",
      "from": "window-size@0.1.0",
      "resolved": "https://registry.npmjs.org/window-size/-/window-size-0.1.0.tgz",
      "optional": true
    },
    "wordwrap": {
      "version": "0.0.3",
      "from": "wordwrap@>=0.0.2 <0.1.0",
      "resolved": "https://registry.npmjs.org/wordwrap/-/wordwrap-0.0.3.tgz"
    },
    "wrappy": {
      "version": "1.0.2",
      "from": "wrappy@>=1.0.0 <2.0.0",
      "resolved": "https://registry.npmjs.org/wrappy/-/wrappy-1.0.2.tgz"
    },
    "yargs": {
      "version": "3.10.0",
      "from": "yargs@>=3.10.0 <3.11.0",
      "resolved": "https://registry.npmjs.org/yargs/-/yargs-3.10.0.tgz",
      "optional": true
    }
  }
}
